
Microsoft Visual Studio Solution File, Format Version 12.00
# Visual Studio Version 16
VisualStudioVersion = 16.0.31727.386
MinimumVisualStudioVersion = 10.0.40219.1
Project("{9A19103F-16F7-4668-BE54-9A1E7A4F7556}") = "difrete", "difrete\difrete.csproj", "{411654C4-E7C4-425B-95B3-A1ADE86F87E0}"
EndProject
Project("{2150E333-8FDC-42A3-9474-1A3956D46DE8}") = "1 - Web", "1 - Web", "{AFFFF870-0C80-4859-9036-D05B0C97FF3C}"
EndProject
Project("{2150E333-8FDC-42A3-9474-1A3956D46DE8}") = "2 - Application", "2 - Application", "{9143A17F-04A0-4864-9C79-E0E6827B333A}"
EndProject
Project("{2150E333-8FDC-42A3-9474-1A3956D46DE8}") = "3 - Domain", "3 - Domain", "{26625E4A-EAC4-4F7D-8B43-6AC74BA146EB}"
EndProject
Project("{2150E333-8FDC-42A3-9474-1A3956D46DE8}") = "4 - Infra", "4 - Infra", "{FAA7C9A7-603F-4852-9860-99B58C988D8C}"
EndProject
Project("{9A19103F-16F7-4668-BE54-9A1E7A4F7556}") = "Template.Application", "Template.Application\Template.Application.csproj", "{5DDF8A74-F6D0-4984-BE96-419C26A4C1C5}"
EndProject
Project("{9A19103F-16F7-4668-BE54-9A1E7A4F7556}") = "Template.Domain", "Template.Domain\Template.Domain.csproj", "{041F31B7-124C-48DD-9EB0-FE3E76429637}"
EndProject
Project("{9A19103F-16F7-4668-BE54-9A1E7A4F7556}") = "Template.Data", "Template.Data\Template.Data.csproj", "{6290F9EF-CA70-46A6-8C91-D618B3E9DD2A}"
EndProject
Project("{2150E333-8FDC-42A3-9474-1A3956D46DE8}") = "4.1 - Data", "4.1 - Data", "{964A5EFB-152B-4764-945F-DD710D6F0264}"
EndProject
Project("{2150E333-8FDC-42A3-9474-1A3956D46DE8}") = "4.2 - CrossCutting", "4.2 - CrossCutting", "{1C6E7837-3B86-475B-833A-139158BFA018}"
EndProject
Project("{9A19103F-16F7-4668-BE54-9A1E7A4F7556}") = "Template.Ioc", "Template.Ioc\Template.Ioc.csproj", "{17D85100-29A7-43B7-893D-174037D7DB89}"
EndProject
Project("{FAE04EC0-301F-11D3-BF4B-00C04F79EFBC}") = "Template.Swagger", "Template.Swagger\Template.Swagger.csproj", "{73E4D2BE-A71A-4D0D-8667-AFF50BEC248F}"
EndProject
Global
	GlobalSection(SolutionConfigurationPlatforms) = preSolution
		Debug|Any CPU = Debug|Any CPU
		Release|Any CPU = Release|Any CPU
	EndGlobalSection
	GlobalSection(ProjectConfigurationPlatforms) = postSolution
		{411654C4-E7C4-425B-95B3-A1ADE86F87E0}.Debug|Any CPU.ActiveCfg = Debug|Any CPU
		{411654C4-E7C4-425B-95B3-A1ADE86F87E0}.Debug|Any CPU.Build.0 = Debug|Any CPU
		{411654C4-E7C4-425B-95B3-A1ADE86F87E0}.Release|Any CPU.ActiveCfg = Release|Any CPU
		{411654C4-E7C4-425B-95B3-A1ADE86F87E0}.Release|Any CPU.Build.0 = Release|Any CPU
		{5DDF8A74-F6D0-4984-BE96-419C26A4C1C5}.Debug|Any CPU.ActiveCfg = Debug|Any CPU
		{5DDF8A74-F6D0-4984-BE96-419C26A4C1C5}.Debug|Any CPU.Build.0 = Debug|Any CPU
		{5DDF8A74-F6D0-4984-BE96-419C26A4C1C5}.Release|Any CPU.ActiveCfg = Release|Any CPU
		{5DDF8A74-F6D0-4984-BE96-419C26A4C1C5}.Release|Any CPU.Build.0 = Release|Any CPU
		{041F31B7-124C-48DD-9EB0-FE3E76429637}.Debug|Any CPU.ActiveCfg = Debug|Any CPU
		{041F31B7-124C-48DD-9EB0-FE3E76429637}.Debug|Any CPU.Build.0 = Debug|Any CPU
		{041F31B7-124C-48DD-9EB0-FE3E76429637}.Release|Any CPU.ActiveCfg = Release|Any CPU
		{041F31B7-124C-48DD-9EB0-FE3E76429637}.Release|Any CPU.Build.0 = Release|Any CPU
		{6290F9EF-CA70-46A6-8C91-D618B3E9DD2A}.Debug|Any CPU.ActiveCfg = Debug|Any CPU
		{6290F9EF-CA70-46A6-8C91-D618B3E9DD2A}.Debug|Any CPU.Build.0 = Debug|Any CPU
		{6290F9EF-CA70-46A6-8C91-D618B3E9DD2A}.Release|Any CPU.ActiveCfg = Release|Any CPU
		{6290F9EF-CA70-46A6-8C91-D618B3E9DD2A}.Release|Any CPU.Build.0 = Release|Any CPU
		{17D85100-29A7-43B7-893D-174037D7DB89}.Debug|Any CPU.ActiveCfg = Debug|Any CPU
		{17D85100-29A7-43B7-893D-174037D7DB89}.Debug|Any CPU.Build.0 = Debug|Any CPU
		{17D85100-29A7-43B7-893D-174037D7DB89}.Release|Any CPU.ActiveCfg = Release|Any CPU
		{17D85100-29A7-43B7-893D-174037D7DB89}.Release|Any CPU.Build.0 = Release|Any CPU
		{73E4D2BE-A71A-4D0D-8667-AFF50BEC248F}.Debug|Any CPU.ActiveCfg = Debug|Any CPU
		{73E4D2BE-A71A-4D0D-8667-AFF50BEC248F}.Debug|Any CPU.Build.0 = Debug|Any CPU
		{73E4D2BE-A71A-4D0D-8667-AFF50BEC248F}.Release|Any CPU.ActiveCfg = Release|Any CPU
		{73E4D2BE-A71A-4D0D-8667-AFF50BEC248F}.Release|Any CPU.Build.0 = Release|Any CPU
	EndGlobalSection
	GlobalSection(SolutionProperties) = preSolution
		HideSolutionNode = FALSE
	EndGlobalSection
	GlobalSection(NestedProjects) = preSolution
		{411654C4-E7C4-425B-95B3-A1ADE86F87E0} = {AFFFF870-0C80-4859-9036-D05B0C97FF3C}
		{5DDF8A74-F6D0-4984-BE96-419C26A4C1C5} = {9143A17F-04A0-4864-9C79-E0E6827B333A}
		{041F31B7-124C-48DD-9EB0-FE3E76429637} = {26625E4A-EAC4-4F7D-8B43-6AC74BA146EB}
		{6290F9EF-CA70-46A6-8C91-D618B3E9DD2A} = {964A5EFB-152B-4764-945F-DD710D6F0264}
		{964A5EFB-152B-4764-945F-DD710D6F0264} = {FAA7C9A7-603F-4852-9860-99B58C988D8C}
		{1C6E7837-3B86-475B-833A-139158BFA018} = {FAA7C9A7-603F-4852-9860-99B58C988D8C}
		{17D85100-29A7-43B7-893D-174037D7DB89} = {1C6E7837-3B86-475B-833A-139158BFA018}
		{73E4D2BE-A71A-4D0D-8667-AFF50BEC248F} = {1C6E7837-3B86-475B-833A-139158BFA018}
	EndGlobalSection
	GlobalSection(ExtensibilityGlobals) = postSolution
		SolutionGuid = {B2548E93-EFD5-4932-B49A-B533DDAC5960}
	EndGlobalSection
EndGlobal
